<?xml version="1.0" encoding="utf-8"?>
<Project ToolsVersion="4.0" xmlns="http://schemas.microsoft.com/developer/msbuild/2003">
  <ItemGroup>
    <Filter Include="Source Files">
      <UniqueIdentifier>{4FC737F1-C7A5-4376-A066-2A32D752A2FF}</UniqueIdentifier>
      <Extensions>cpp;c;cc;cxx;c++;cppm;ixx;def;odl;idl;hpj;bat;asm;asmx</Extensions>
    </Filter>
    <Filter Include="Header Files">
      <UniqueIdentifier>{93995380-89BD-4b04-88EB-625FBE52EBFB}</UniqueIdentifier>
      <Extensions>h;hh;hpp;hxx;h++;hm;inl;inc;ipp;xsd</Extensions>
    </Filter>
    <Filter Include="Resource Files">
      <UniqueIdentifier>{67DA6AB6-F800-4c08-8B7A-83BB121AAD01}</UniqueIdentifier>
      <Extensions>rc;ico;cur;bmp;dlg;rc2;rct;bin;rgs;gif;jpg;jpeg;jpe;resx;tiff;tif;png;wav;mfcribbon-ms</Extensions>
    </Filter>
  </ItemGroup>
  <ItemGroup>
    <ClInclude Include="BinaryManip.h">
      <Filter>Header Files</Filter>
    </ClInclude>
    <ClInclude Include="BinaryTranslator.h">
      <Filter>Header Files</Filter>
    </ClInclude>
    <ClInclude Include="CommandRouter.h">
      <Filter>Header Files</Filter>
    </ClInclude>
    <ClInclude Include="DaemonMonitor.h">
      <Filter>Header Files</Filter>
    </ClInclude>
    <ClInclude Include="DiagnosticsModule.h">
      <Filter>Header Files</Filter>
    </ClInclude>
    <ClInclude Include="EditorApp.h">
      <Filter>Header Files</Filter>
    </ClInclude>
    <ClInclude Include="EditorApp_Win32.h">
      <Filter>Header Files</Filter>
    </ClInclude>
    <ClInclude Include="EditorApp_X11.h">
      <Filter>Header Files</Filter>
    </ClInclude>
    <ClInclude Include="JobManager.h">
      <Filter>Header Files</Filter>
    </ClInclude>
    <ClInclude Include="model.h">
      <Filter>Header Files</Filter>
    </ClInclude>
    <ClInclude Include="OmniAIManager.h">
      <Filter>Header Files</Filter>
    </ClInclude>
    <ClInclude Include="OmniConfig.h">
      <Filter>Header Files</Filter>
    </ClInclude>
    <ClInclude Include="OmniEditorIDE.h">
      <Filter>Header Files</Filter>
    </ClInclude>
    <ClInclude Include="PMU.h">
      <Filter>Header Files</Filter>
    </ClInclude>
    <ClInclude Include="PolyglotC.h">
      <Filter>Header Files</Filter>
    </ClInclude>
    <ClInclude Include="ScriptRunner.h">
      <Filter>Header Files</Filter>
    </ClInclude>
    <ClInclude Include="SensorManager.h">
      <Filter>Header Files</Filter>
    </ClInclude>
    <ClInclude Include="ShellExecutor.h">
      <Filter>Header Files</Filter>
    </ClInclude>
    <ClInclude Include="TileAnalytics.h">
      <Filter>Header Files</Filter>
    </ClInclude>
    <ClInclude Include="VirtualSMTPServer.h">
      <Filter>Header Files</Filter>
    </ClInclude>
    <ClInclude Include="math.h">
      <Filter>Header Files</Filter>
    </ClInclude>
    <ClInclude Include="types.h">
      <Filter>Header Files</Filter>
    </ClInclude>
    <ClInclude Include="tokenizer.h">
      <Filter>Header Files</Filter>
    </ClInclude>
    <ClInclude Include="scratch_engine.h">
      <Filter>Header Files</Filter>
    </ClInclude>
    <ClInclude Include="ai_engine.h">
      <Filter>Header Files</Filter>
    </ClInclude>
    <ClInclude Include="ap_pcap_listener.h">
      <Filter>Header Files</Filter>
    </ClInclude>
    <ClInclude Include="source_network_pcap.h">
      <Filter>Header Files</Filter>
    </ClInclude>
    <ClInclude Include="packet_writer.h">
      <Filter>Header Files</Filter>
    </ClInclude>
    <ClInclude Include="ddc_engine.h">
      <Filter>Header Files</Filter>
    </ClInclude>
    <ClInclude Include="web_fetcher.h">
      <Filter>Header Files</Filter>
    </ClInclude>
    <ClInclude Include="live_capture.h">
      <Filter>Header Files</Filter>
    </ClInclude>
    <ClInclude Include="packet_frame.h">
      <Filter>Header Files</Filter>
    </ClInclude>
    <ClInclude Include="packet_reader.h">
      <Filter>Header Files</Filter>
    </ClInclude>
    <ClInclude Include="CloudStorage.h">
      <Filter>Header Files</Filter>
    </ClInclude>
    <ClInclude Include="onecloud_c_api.h">
      <Filter>Header Files</Filter>
    </ClInclude>
    <ClInclude Include="CloudAPI.h">
      <Filter>Header Files</Filter>
    </ClInclude>
    <ClInclude Include="ManifestSerializer.h">
      <Filter>Header Files</Filter>
    </ClInclude>
    <ClInclude Include="CryptoProvider.h">
      <Filter>Header Files</Filter>
    </ClInclude>
    <ClInclude Include="CloudError.h">
      <Filter>Header Files</Filter>
    </ClInclude>
  </ItemGroup>
  <ItemGroup>
    <ClCompile Include="BinaryManip.cpp">
      <Filter>Source Files</Filter>
    </ClCompile>
    <ClCompile Include="BinaryTranslator.cpp">
      <Filter>Source Files</Filter>
    </ClCompile>
    <ClCompile Include="CommandRouter.cpp">
      <Filter>Source Files</Filter>
    </ClCompile>
    <ClCompile Include="DaemonMonitor.cpp">
      <Filter>Source Files</Filter>
    </ClCompile>
    <ClCompile Include="DiagnosticsModule.cpp">
      <Filter>Source Files</Filter>
    </ClCompile>
    <ClCompile Include="EditorApp.cpp">
      <Filter>Source Files</Filter>
    </ClCompile>
    <ClCompile Include="EditorApp_Win32.cpp">
      <Filter>Source Files</Filter>
    </ClCompile>
    <ClCompile Include="EditorApp_X11.cpp">
      <Filter>Source Files</Filter>
    </ClCompile>
    <ClCompile Include="JobManager.cpp">
      <Filter>Source Files</Filter>
    </ClCompile>
    <ClCompile Include="main.cpp">
      <Filter>Source Files</Filter>
    </ClCompile>
    <ClCompile Include="model.cpp">
      <Filter>Source Files</Filter>
    </ClCompile>
    <ClCompile Include="OmniAIManager.cpp">
      <Filter>Source Files</Filter>
    </ClCompile>
    <ClCompile Include="OmniConfig.cpp">
      <Filter>Source Files</Filter>
    </ClCompile>
    <ClCompile Include="OmniEditorIDE.cpp">
      <Filter>Source Files</Filter>
    </ClCompile>
    <ClCompile Include="PMU.cpp">
      <Filter>Source Files</Filter>
    </ClCompile>
    <ClCompile Include="PolyglotC.cpp">
      <Filter>Source Files</Filter>
    </ClCompile>
    <ClCompile Include="ScriptRunner.cpp">
      <Filter>Source Files</Filter>
    </ClCompile>
    <ClCompile Include="SensorManager.cpp">
      <Filter>Source Files</Filter>
    </ClCompile>
    <ClCompile Include="ShellExecutor.cpp">
      <Filter>Source Files</Filter>
    </ClCompile>
    <ClCompile Include="TileAnalytics.cpp">
      <Filter>Source Files</Filter>
    </ClCompile>
    <ClCompile Include="VirtualSMTPServer.cpp">
      <Filter>Source Files</Filter>
    </ClCompile>
    <ClCompile Include="scratch_engine.cpp">
      <Filter>Source Files</Filter>
    </ClCompile>
    <ClCompile Include="ai_engine.cpp">
      <Filter>Source Files</Filter>
    </ClCompile>
    <ClCompile Include="ap_pcap_listener.cpp">
      <Filter>Source Files</Filter>
    </ClCompile>
    <ClCompile Include="packet_writer.cpp">
      <Filter>Source Files</Filter>
    </ClCompile>
    <ClCompile Include="ddc_engine.cpp">
      <Filter>Source Files</Filter>
    </ClCompile>
    <ClCompile Include="web_fetcher.cpp">
      <Filter>Source Files</Filter>
    </ClCompile>
    <ClCompile Include="live_capture.cpp">
      <Filter>Source Files</Filter>
    </ClCompile>
    <ClCompile Include="packet_frame.cpp">
      <Filter>Source Files</Filter>
    </ClCompile>
    <ClCompile Include="packet_reader.cpp">
      <Filter>Source Files</Filter>
    </ClCompile>
    <ClCompile Include="CloudStorage.cpp">
      <Filter>Source Files</Filter>
    </ClCompile>
    <ClCompile Include="onecloud_c_api.cpp">
      <Filter>Source Files</Filter>
    </ClCompile>
    <ClCompile Include="ManifestSerializer.cpp">
      <Filter>Source Files</Filter>
    </ClCompile>
    <ClCompile Include="CryptoProvider.cpp">
      <Filter>Source Files</Filter>
    </ClCompile>
  </ItemGroup>
</Project>